
Microsoft Visual Studio Solution File, Format Version 12.00
# Visual Studio 2012
VisualStudioVersion = 12.0.21005.1
MinimumVisualStudioVersion = 10.0.40219.1
Project("{FAE04EC0-301F-11D3-BF4B-00C04F79EFBC}") = "ConsoleHost", "ConsoleHost\ConsoleHost.csproj", "{8FDA5CCE-468B-4F81-91FB-BEAD17127035}"
EndProject
Project("{FAE04EC0-301F-11D3-BF4B-00C04F79EFBC}") = "OwinUtils", "OwinUtils\OwinUtils.csproj", "{5AEB6F49-2D13-4E9E-9717-708D4C4F6AA0}"
EndProject
Project("{FAE04EC0-301F-11D3-BF4B-00C04F79EFBC}") = "OwinUtilsTests", "OwinUtilsTests\OwinUtilsTests.csproj", "{0FC97664-89C4-4032-A23F-0FE7AE4B358C}"
EndProject
Project("{FAE04EC0-301F-11D3-BF4B-00C04F79EFBC}") = "Samples", "Samples\Samples.csproj", "{1B35336F-F065-4C0D-8354-C2A714F2DB40}"
EndProject
Project("{FAE04EC0-301F-11D3-BF4B-00C04F79EFBC}") = "Samples.UnitTest", "Samples.UnitTest\Samples.UnitTest.csproj", "{487A960F-666D-4213-AE9D-BDD1D7344F7F}"
EndProject
Global
	GlobalSection(SolutionConfigurationPlatforms) = preSolution
		Debug|Any CPU = Debug|Any CPU
		Release|Any CPU = Release|Any CPU
	EndGlobalSection
	GlobalSection(ProjectConfigurationPlatforms) = postSolution
		{0FC97664-89C4-4032-A23F-0FE7AE4B358C}.Debug|Any CPU.ActiveCfg = Debug|Any CPU
		{0FC97664-89C4-4032-A23F-0FE7AE4B358C}.Debug|Any CPU.Build.0 = Debug|Any CPU
		{0FC97664-89C4-4032-A23F-0FE7AE4B358C}.Release|Any CPU.ActiveCfg = Release|Any CPU
		{0FC97664-89C4-4032-A23F-0FE7AE4B358C}.Release|Any CPU.Build.0 = Release|Any CPU
		{1B35336F-F065-4C0D-8354-C2A714F2DB40}.Debug|Any CPU.ActiveCfg = Debug|Any CPU
		{1B35336F-F065-4C0D-8354-C2A714F2DB40}.Debug|Any CPU.Build.0 = Debug|Any CPU
		{1B35336F-F065-4C0D-8354-C2A714F2DB40}.Release|Any CPU.ActiveCfg = Release|Any CPU
		{1B35336F-F065-4C0D-8354-C2A714F2DB40}.Release|Any CPU.Build.0 = Release|Any CPU
		{487A960F-666D-4213-AE9D-BDD1D7344F7F}.Debug|Any CPU.ActiveCfg = Debug|Any CPU
		{487A960F-666D-4213-AE9D-BDD1D7344F7F}.Debug|Any CPU.Build.0 = Debug|Any CPU
		{487A960F-666D-4213-AE9D-BDD1D7344F7F}.Release|Any CPU.ActiveCfg = Release|Any CPU
		{487A960F-666D-4213-AE9D-BDD1D7344F7F}.Release|Any CPU.Build.0 = Release|Any CPU
		{5AEB6F49-2D13-4E9E-9717-708D4C4F6AA0}.Debug|Any CPU.ActiveCfg = Debug|Any CPU
		{5AEB6F49-2D13-4E9E-9717-708D4C4F6AA0}.Debug|Any CPU.Build.0 = Debug|Any CPU
		{5AEB6F49-2D13-4E9E-9717-708D4C4F6AA0}.Release|Any CPU.ActiveCfg = Release|Any CPU
		{5AEB6F49-2D13-4E9E-9717-708D4C4F6AA0}.Release|Any CPU.Build.0 = Release|Any CPU
		{8FDA5CCE-468B-4F81-91FB-BEAD17127035}.Debug|Any CPU.ActiveCfg = Debug|Any CPU
		{8FDA5CCE-468B-4F81-91FB-BEAD17127035}.Debug|Any CPU.Build.0 = Debug|Any CPU
		{8FDA5CCE-468B-4F81-91FB-BEAD17127035}.Release|Any CPU.ActiveCfg = Release|Any CPU
		{8FDA5CCE-468B-4F81-91FB-BEAD17127035}.Release|Any CPU.Build.0 = Release|Any CPU
	EndGlobalSection
	GlobalSection(MonoDevelopProperties) = preSolution
		StartupItem = ConsoleHost\ConsoleHost.csproj
		Policies = $0
		$0.TextStylePolicy = $1
		$1.FileWidth = 120
		$1.inheritsSet = VisualStudio
		$1.inheritsScope = text/plain
		$1.scope = text/x-csharp
		$0.CSharpFormattingPolicy = $2
		$2.IndentSwitchBody = True
		$2.EnumBraceStyle = EndOfLine
		$2.BeforeMethodDeclarationParentheses = False
		$2.BeforeMethodCallParentheses = False
		$2.BeforeConstructorDeclarationParentheses = False
		$2.BeforeDelegateDeclarationParentheses = False
		$2.NewParentheses = False
		$2.IfParentheses = False
		$2.WhileParentheses = False
		$2.ForeachParentheses = False
		$2.CatchParentheses = False
		$2.SwitchParentheses = False
		$2.SpacesBeforeBrackets = False
		$2.MethodCallArgumentWrapping = WrapIfTooLong
		$2.AlignToFirstMethodCallArgument = True
		$2.inheritsSet = Mono
		$2.inheritsScope = text/x-csharp
		$2.scope = text/x-csharp
		$0.StandardHeader = $3
		$3.Text = 
		$3.IncludeInNewFiles = True
		$0.NameConventionPolicy = $4
		$4.Rules = $5
		$5.NamingRule = $6
		$6.Name = Namespaces
		$6.AffectedEntity = Namespace
		$6.VisibilityMask = VisibilityMask
		$6.NamingStyle = PascalCase
		$6.IncludeInstanceMembers = True
		$6.IncludeStaticEntities = True
		$5.NamingRule = $7
		$7.Name = Types
		$7.AffectedEntity = Class, Struct, Enum, Delegate
		$7.VisibilityMask = VisibilityMask
		$7.NamingStyle = PascalCase
		$7.IncludeInstanceMembers = True
		$7.IncludeStaticEntities = True
		$5.NamingRule = $8
		$8.Name = Interfaces
		$8.RequiredPrefixes = $9
		$9.String = I
		$8.AffectedEntity = Interface
		$8.VisibilityMask = VisibilityMask
		$8.NamingStyle = PascalCase
		$8.IncludeInstanceMembers = True
		$8.IncludeStaticEntities = True
		$5.NamingRule = $10
		$10.Name = Attributes
		$10.RequiredSuffixes = $11
		$11.String = Attribute
		$10.AffectedEntity = CustomAttributes
		$10.VisibilityMask = VisibilityMask
		$10.NamingStyle = PascalCase
		$10.IncludeInstanceMembers = True
		$10.IncludeStaticEntities = True
		$5.NamingRule = $12
		$12.Name = Event Arguments
		$12.RequiredSuffixes = $13
		$13.String = EventArgs
		$12.AffectedEntity = CustomEventArgs
		$12.VisibilityMask = VisibilityMask
		$12.NamingStyle = PascalCase
		$12.IncludeInstanceMembers = True
		$12.IncludeStaticEntities = True
		$5.NamingRule = $14
		$14.Name = Exceptions
		$14.RequiredSuffixes = $15
		$15.String = Exception
		$14.AffectedEntity = CustomExceptions
		$14.VisibilityMask = VisibilityMask
		$14.NamingStyle = PascalCase
		$14.IncludeInstanceMembers = True
		$14.IncludeStaticEntities = True
		$5.NamingRule = $16
		$16.Name = Methods
		$16.AffectedEntity = Methods
		$16.VisibilityMask = VisibilityMask
		$16.NamingStyle = PascalCase
		$16.IncludeInstanceMembers = True
		$16.IncludeStaticEntities = True
		$5.NamingRule = $17
		$17.Name = Static Readonly Fields
		$17.AffectedEntity = ReadonlyField
		$17.VisibilityMask = Internal, Protected, Public
		$17.NamingStyle = PascalCase
		$17.IncludeInstanceMembers = False
		$17.IncludeStaticEntities = True
		$5.NamingRule = $18
		$18.Name = Fields (Non Private)
		$18.AffectedEntity = Field
		$18.VisibilityMask = Internal, Protected, Public
		$18.NamingStyle = PascalCase
		$18.IncludeInstanceMembers = True
		$18.IncludeStaticEntities = True
		$5.NamingRule = $19
		$19.Name = ReadOnly Fields (Non Private)
		$19.AffectedEntity = ReadonlyField
		$19.VisibilityMask = Internal, Protected, Public
		$19.NamingStyle = PascalCase
		$19.IncludeInstanceMembers = True
		$19.IncludeStaticEntities = False
		$5.NamingRule = $20
		$20.Name = Fields (Private)
		$20.AllowedPrefixes = $21
		$21.String = _
		$21.String = m_
		$20.AffectedEntity = Field, ReadonlyField
		$20.VisibilityMask = Private
		$20.NamingStyle = CamelCase
		$20.IncludeInstanceMembers = True
		$20.IncludeStaticEntities = False
		$5.NamingRule = $22
		$22.Name = Static Fields (Private)
		$22.AffectedEntity = Field
		$22.VisibilityMask = Private
		$22.NamingStyle = CamelCase
		$22.IncludeInstanceMembers = False
		$22.IncludeStaticEntities = True
		$5.NamingRule = $23
		$23.Name = ReadOnly Fields (Private)
		$23.AllowedPrefixes = $24
		$24.String = _
		$24.String = m_
		$23.AffectedEntity = ReadonlyField
		$23.VisibilityMask = Private
		$23.NamingStyle = CamelCase
		$23.IncludeInstanceMembers = True
		$23.IncludeStaticEntities = False
		$5.NamingRule = $25
		$25.Name = Constant Fields
		$25.AffectedEntity = ConstantField
		$25.VisibilityMask = VisibilityMask
		$25.NamingStyle = PascalCase
		$25.IncludeInstanceMembers = True
		$25.IncludeStaticEntities = True
		$5.NamingRule = $26
		$26.Name = Properties
		$26.AffectedEntity = Property
		$26.VisibilityMask = VisibilityMask
		$26.NamingStyle = PascalCase
		$26.IncludeInstanceMembers = True
		$26.IncludeStaticEntities = True
		$5.NamingRule = $27
		$27.Name = Events
		$27.AffectedEntity = Event
		$27.VisibilityMask = VisibilityMask
		$27.NamingStyle = PascalCase
		$27.IncludeInstanceMembers = True
		$27.IncludeStaticEntities = True
		$5.NamingRule = $28
		$28.Name = Enum Members
		$28.AffectedEntity = EnumMember
		$28.VisibilityMask = VisibilityMask
		$28.NamingStyle = PascalCase
		$28.IncludeInstanceMembers = True
		$28.IncludeStaticEntities = True
		$5.NamingRule = $29
		$29.Name = Parameters
		$29.AffectedEntity = Parameter
		$29.VisibilityMask = VisibilityMask
		$29.NamingStyle = CamelCase
		$29.IncludeInstanceMembers = True
		$29.IncludeStaticEntities = True
		$5.NamingRule = $30
		$30.Name = Type Parameters
		$30.RequiredPrefixes = $31
		$31.String = T
		$30.AffectedEntity = TypeParameter
		$30.VisibilityMask = VisibilityMask
		$30.NamingStyle = PascalCase
		$30.IncludeInstanceMembers = True
		$30.IncludeStaticEntities = True
		$0.DotNetNamingPolicy = $32
		$32.DirectoryNamespaceAssociation = None
		$32.ResourceNamePolicy = FileFormatDefault
		$0.VersionControlPolicy = $33
		$33.inheritsSet = Mono
		version = 0.1.0
	EndGlobalSection
	GlobalSection(SolutionProperties) = preSolution
		HideSolutionNode = FALSE
	EndGlobalSection
EndGlobal
